// !$*UTF8*$!
{
	archiveVersion = 1;
	classes = {
	};
	objectVersion = 46;
	objects = {

/* Begin PBXBuildFile section */
		152D89131F5149C000EAA70C /* main.m in Sources */ = {isa = PBXBuildFile; fileRef = 152D89121F5149C000EAA70C /* main.m */; };
		152D891A1F514B3400EAA70C /* LinkList.m in Sources */ = {isa = PBXBuildFile; fileRef = 152D89191F514B3400EAA70C /* LinkList.m */; };
		152D891B1F514B3400EAA70C /* LinkList.m in Sources */ = {isa = PBXBuildFile; fileRef = 152D89191F514B3400EAA70C /* LinkList.m */; };
		152D891E1F51504D00EAA70C /* ArrayList.m in Sources */ = {isa = PBXBuildFile; fileRef = 152D891D1F51504D00EAA70C /* ArrayList.m */; };
		152D891F1F51504D00EAA70C /* ArrayList.m in Sources */ = {isa = PBXBuildFile; fileRef = 152D891D1F51504D00EAA70C /* ArrayList.m */; };
		152D89281F516AD600EAA70C /* main.m in Sources */ = {isa = PBXBuildFile; fileRef = 152D89271F516AD600EAA70C /* main.m */; };
		152D89441F5191FD00EAA70C /* main.m in Sources */ = {isa = PBXBuildFile; fileRef = 152D89431F5191FD00EAA70C /* main.m */; };
		152D89471F5191FD00EAA70C /* AppDelegate.m in Sources */ = {isa = PBXBuildFile; fileRef = 152D89461F5191FD00EAA70C /* AppDelegate.m */; };
		152D894A1F5191FD00EAA70C /* ViewController.m in Sources */ = {isa = PBXBuildFile; fileRef = 152D89491F5191FD00EAA70C /* ViewController.m */; };
		152D894D1F5191FD00EAA70C /* Main.storyboard in Resources */ = {isa = PBXBuildFile; fileRef = 152D894B1F5191FD00EAA70C /* Main.storyboard */; };
		152D894F1F5191FD00EAA70C /* Assets.xcassets in Resources */ = {isa = PBXBuildFile; fileRef = 152D894E1F5191FD00EAA70C /* Assets.xcassets */; };
		152D89521F5191FD00EAA70C /* LaunchScreen.storyboard in Resources */ = {isa = PBXBuildFile; fileRef = 152D89501F5191FD00EAA70C /* LaunchScreen.storyboard */; };
		1562D7351F4E7C940083777F /* main.m in Sources */ = {isa = PBXBuildFile; fileRef = 1562D7341F4E7C940083777F /* main.m */; };
		1562D7421F4E7CC70083777F /* main.m in Sources */ = {isa = PBXBuildFile; fileRef = 1562D7411F4E7CC70083777F /* main.m */; };
		156950971F55C3CA00BBD145 /* main.m in Sources */ = {isa = PBXBuildFile; fileRef = 156950961F55C3CA00BBD145 /* main.m */; };
		156950A31F55CB8E00BBD145 /* main.m in Sources */ = {isa = PBXBuildFile; fileRef = 156950A21F55CB8E00BBD145 /* main.m */; };
		156C8B5A1F4F301700E8151D /* main.m in Sources */ = {isa = PBXBuildFile; fileRef = 156C8B591F4F301700E8151D /* main.m */; };
		158CFA6F1F50458800615902 /* main.m in Sources */ = {isa = PBXBuildFile; fileRef = 158CFA6E1F50458800615902 /* main.m */; };
		1597C30C1F52AFBC001AFBD2 /* main.m in Sources */ = {isa = PBXBuildFile; fileRef = 1597C30B1F52AFBC001AFBD2 /* main.m */; };
		1597C3121F52AFCA001AFBD2 /* CustomButton.m in Sources */ = {isa = PBXBuildFile; fileRef = 1597C3111F52AFCA001AFBD2 /* CustomButton.m */; };
		15AE775C1F4FC9480097852D /* LogicElement.m in Sources */ = {isa = PBXBuildFile; fileRef = 15AE775B1F4FC9480097852D /* LogicElement.m */; };
		15AE77641F4FF43A0097852D /* main.m in Sources */ = {isa = PBXBuildFile; fileRef = 15AE77631F4FF43A0097852D /* main.m */; };
		15E7E18E1F4E935400243C5A /* TemplateSuper.m in Sources */ = {isa = PBXBuildFile; fileRef = 15E7E18D1F4E935400243C5A /* TemplateSuper.m */; };
		15E7E1911F4E942B00243C5A /* TemplateSub.m in Sources */ = {isa = PBXBuildFile; fileRef = 15E7E1901F4E942B00243C5A /* TemplateSub.m */; };
		15F8C8611F4ED17D00611A7D /* main.m in Sources */ = {isa = PBXBuildFile; fileRef = 15F8C8601F4ED17D00611A7D /* main.m */; };
/* End PBXBuildFile section */

/* Begin PBXContainerItemProxy section */
		152D89591F5191FD00EAA70C /* PBXContainerItemProxy */ = {
			isa = PBXContainerItemProxy;
			containerPortal = 1562D7291F4E7C940083777F /* Project object */;
			proxyType = 1;
			remoteGlobalIDString = 152D893F1F5191FD00EAA70C;
			remoteInfo = SeekUIKit;
		};
/* End PBXContainerItemProxy section */

/* Begin PBXCopyFilesBuildPhase section */
		152D890E1F5149C000EAA70C /* CopyFiles */ = {
			isa = PBXCopyFilesBuildPhase;
			buildActionMask = 2147483647;
			dstPath = /usr/share/man/man1/;
			dstSubfolderSpec = 0;
			files = (
			);
			runOnlyForDeploymentPostprocessing = 1;
		};
		152D89231F516AD600EAA70C /* CopyFiles */ = {
			isa = PBXCopyFilesBuildPhase;
			buildActionMask = 2147483647;
			dstPath = /usr/share/man/man1/;
			dstSubfolderSpec = 0;
			files = (
			);
			runOnlyForDeploymentPostprocessing = 1;
		};
		1562D72F1F4E7C940083777F /* CopyFiles */ = {
			isa = PBXCopyFilesBuildPhase;
			buildActionMask = 2147483647;
			dstPath = /usr/share/man/man1/;
			dstSubfolderSpec = 0;
			files = (
			);
			runOnlyForDeploymentPostprocessing = 1;
		};
		1562D73D1F4E7CC60083777F /* CopyFiles */ = {
			isa = PBXCopyFilesBuildPhase;
			buildActionMask = 2147483647;
			dstPath = /usr/share/man/man1/;
			dstSubfolderSpec = 0;
			files = (
			);
			runOnlyForDeploymentPostprocessing = 1;
		};
		156950921F55C3CA00BBD145 /* CopyFiles */ = {
			isa = PBXCopyFilesBuildPhase;
			buildActionMask = 2147483647;
			dstPath = /usr/share/man/man1/;
			dstSubfolderSpec = 0;
			files = (
			);
			runOnlyForDeploymentPostprocessing = 1;
		};
		1569509E1F55CB8E00BBD145 /* CopyFiles */ = {
			isa = PBXCopyFilesBuildPhase;
			buildActionMask = 2147483647;
			dstPath = /usr/share/man/man1/;
			dstSubfolderSpec = 0;
			files = (
			);
			runOnlyForDeploymentPostprocessing = 1;
		};
		156C8B551F4F301700E8151D /* CopyFiles */ = {
			isa = PBXCopyFilesBuildPhase;
			buildActionMask = 2147483647;
			dstPath = /usr/share/man/man1/;
			dstSubfolderSpec = 0;
			files = (
			);
			runOnlyForDeploymentPostprocessing = 1;
		};
		158CFA6A1F50458800615902 /* CopyFiles */ = {
			isa = PBXCopyFilesBuildPhase;
			buildActionMask = 2147483647;
			dstPath = /usr/share/man/man1/;
			dstSubfolderSpec = 0;
			files = (
			);
			runOnlyForDeploymentPostprocessing = 1;
		};
		1597C3071F52AFBC001AFBD2 /* CopyFiles */ = {
			isa = PBXCopyFilesBuildPhase;
			buildActionMask = 2147483647;
			dstPath = /usr/share/man/man1/;
			dstSubfolderSpec = 0;
			files = (
			);
			runOnlyForDeploymentPostprocessing = 1;
		};
		15AE775F1F4FF43A0097852D /* CopyFiles */ = {
			isa = PBXCopyFilesBuildPhase;
			buildActionMask = 2147483647;
			dstPath = /usr/share/man/man1/;
			dstSubfolderSpec = 0;
			files = (
			);
			runOnlyForDeploymentPostprocessing = 1;
		};
		15F8C85C1F4ED17C00611A7D /* CopyFiles */ = {
			isa = PBXCopyFilesBuildPhase;
			buildActionMask = 2147483647;
			dstPath = /usr/share/man/man1/;
			dstSubfolderSpec = 0;
			files = (
			);
			runOnlyForDeploymentPostprocessing = 1;
		};
/* End PBXCopyFilesBuildPhase section */

/* Begin PBXFileReference section */
		152D89101F5149C000EAA70C /* Iterator */ = {isa = PBXFileReference; explicitFileType = "compiled.mach-o.executable"; includeInIndex = 0; path = Iterator; sourceTree = BUILT_PRODUCTS_DIR; };
		152D89121F5149C000EAA70C /* main.m */ = {isa = PBXFileReference; lastKnownFileType = sourcecode.c.objc; path = main.m; sourceTree = "<group>"; };
		152D89171F514A5800EAA70C /* Container.h */ = {isa = PBXFileReference; lastKnownFileType = sourcecode.c.h; path = Container.h; sourceTree = "<group>"; };
		152D89181F514B3400EAA70C /* LinkList.h */ = {isa = PBXFileReference; fileEncoding = 4; lastKnownFileType = sourcecode.c.h; path = LinkList.h; sourceTree = "<group>"; };
		152D89191F514B3400EAA70C /* LinkList.m */ = {isa = PBXFileReference; fileEncoding = 4; lastKnownFileType = sourcecode.c.objc; path = LinkList.m; sourceTree = "<group>"; };
		152D891C1F51504D00EAA70C /* ArrayList.h */ = {isa = PBXFileReference; fileEncoding = 4; lastKnownFileType = sourcecode.c.h; path = ArrayList.h; sourceTree = "<group>"; };
		152D891D1F51504D00EAA70C /* ArrayList.m */ = {isa = PBXFileReference; fileEncoding = 4; lastKnownFileType = sourcecode.c.objc; path = ArrayList.m; sourceTree = "<group>"; };
		152D89201F515EA400EAA70C /* Iterator.h */ = {isa = PBXFileReference; lastKnownFileType = sourcecode.c.h; path = Iterator.h; sourceTree = "<group>"; };
		152D89251F516AD600EAA70C /* Chain_Responsibility */ = {isa = PBXFileReference; explicitFileType = "compiled.mach-o.executable"; includeInIndex = 0; path = Chain_Responsibility; sourceTree = BUILT_PRODUCTS_DIR; };
		152D89271F516AD600EAA70C /* main.m */ = {isa = PBXFileReference; lastKnownFileType = sourcecode.c.objc; path = main.m; sourceTree = "<group>"; };
		152D892C1F5179ED00EAA70C /* ChainOfResponsibility.h */ = {isa = PBXFileReference; lastKnownFileType = sourcecode.c.h; path = ChainOfResponsibility.h; sourceTree = "<group>"; };
		152D89401F5191FD00EAA70C /* SeekUIKit.app */ = {isa = PBXFileReference; explicitFileType = wrapper.application; includeInIndex = 0; path = SeekUIKit.app; sourceTree = BUILT_PRODUCTS_DIR; };
		152D89431F5191FD00EAA70C /* main.m */ = {isa = PBXFileReference; lastKnownFileType = sourcecode.c.objc; path = main.m; sourceTree = "<group>"; };
		152D89451F5191FD00EAA70C /* AppDelegate.h */ = {isa = PBXFileReference; lastKnownFileType = sourcecode.c.h; path = AppDelegate.h; sourceTree = "<group>"; };
		152D89461F5191FD00EAA70C /* AppDelegate.m */ = {isa = PBXFileReference; lastKnownFileType = sourcecode.c.objc; path = AppDelegate.m; sourceTree = "<group>"; };
		152D89481F5191FD00EAA70C /* ViewController.h */ = {isa = PBXFileReference; lastKnownFileType = sourcecode.c.h; path = ViewController.h; sourceTree = "<group>"; };
		152D89491F5191FD00EAA70C /* ViewController.m */ = {isa = PBXFileReference; lastKnownFileType = sourcecode.c.objc; path = ViewController.m; sourceTree = "<group>"; };
		152D894C1F5191FD00EAA70C /* Base */ = {isa = PBXFileReference; lastKnownFileType = file.storyboard; name = Base; path = Base.lproj/Main.storyboard; sourceTree = "<group>"; };
		152D894E1F5191FD00EAA70C /* Assets.xcassets */ = {isa = PBXFileReference; lastKnownFileType = folder.assetcatalog; path = Assets.xcassets; sourceTree = "<group>"; };
		152D89511F5191FD00EAA70C /* Base */ = {isa = PBXFileReference; lastKnownFileType = file.storyboard; name = Base; path = Base.lproj/LaunchScreen.storyboard; sourceTree = "<group>"; };
		152D89531F5191FD00EAA70C /* Info.plist */ = {isa = PBXFileReference; lastKnownFileType = text.plist.xml; path = Info.plist; sourceTree = "<group>"; };
		152D89581F5191FD00EAA70C /* SeekUIKitTests.xctest */ = {isa = PBXFileReference; explicitFileType = wrapper.cfbundle; includeInIndex = 0; path = SeekUIKitTests.xctest; sourceTree = BUILT_PRODUCTS_DIR; };
		1562D7311F4E7C940083777F /* DesignMode */ = {isa = PBXFileReference; explicitFileType = "compiled.mach-o.executable"; includeInIndex = 0; path = DesignMode; sourceTree = BUILT_PRODUCTS_DIR; };
		1562D7341F4E7C940083777F /* main.m */ = {isa = PBXFileReference; lastKnownFileType = sourcecode.c.objc; path = main.m; sourceTree = "<group>"; };
		1562D73F1F4E7CC60083777F /* Template Method */ = {isa = PBXFileReference; explicitFileType = "compiled.mach-o.executable"; includeInIndex = 0; path = "Template Method"; sourceTree = BUILT_PRODUCTS_DIR; };
		1562D7411F4E7CC70083777F /* main.m */ = {isa = PBXFileReference; lastKnownFileType = sourcecode.c.objc; path = main.m; sourceTree = "<group>"; };
		156950941F55C3CA00BBD145 /* Adapter */ = {isa = PBXFileReference; explicitFileType = "compiled.mach-o.executable"; includeInIndex = 0; path = Adapter; sourceTree = BUILT_PRODUCTS_DIR; };
		156950961F55C3CA00BBD145 /* main.m */ = {isa = PBXFileReference; lastKnownFileType = sourcecode.c.objc; path = main.m; sourceTree = "<group>"; };
		1569509B1F55C3D900BBD145 /* adapater.h */ = {isa = PBXFileReference; lastKnownFileType = sourcecode.c.h; path = adapater.h; sourceTree = "<group>"; };
		156950A01F55CB8E00BBD145 /* Proxy */ = {isa = PBXFileReference; explicitFileType = "compiled.mach-o.executable"; includeInIndex = 0; path = Proxy; sourceTree = BUILT_PRODUCTS_DIR; };
		156950A21F55CB8E00BBD145 /* main.m */ = {isa = PBXFileReference; lastKnownFileType = sourcecode.c.objc; path = main.m; sourceTree = "<group>"; };
		156950A71F55CB9B00BBD145 /* proxy.h */ = {isa = PBXFileReference; lastKnownFileType = sourcecode.c.h; path = proxy.h; sourceTree = "<group>"; };
		156C8B571F4F301700E8151D /* Composite */ = {isa = PBXFileReference; explicitFileType = "compiled.mach-o.executable"; includeInIndex = 0; path = Composite; sourceTree = BUILT_PRODUCTS_DIR; };
		156C8B591F4F301700E8151D /* main.m */ = {isa = PBXFileReference; lastKnownFileType = sourcecode.c.objc; path = main.m; sourceTree = "<group>"; };
		158CFA6C1F50458800615902 /* Singleton */ = {isa = PBXFileReference; explicitFileType = "compiled.mach-o.executable"; includeInIndex = 0; path = Singleton; sourceTree = BUILT_PRODUCTS_DIR; };
		158CFA6E1F50458800615902 /* main.m */ = {isa = PBXFileReference; lastKnownFileType = sourcecode.c.objc; path = main.m; sourceTree = "<group>"; };
		158CFA731F50459B00615902 /* Singleton.h */ = {isa = PBXFileReference; lastKnownFileType = sourcecode.c.h; path = Singleton.h; sourceTree = "<group>"; };
		1597C3091F52AFBC001AFBD2 /* SelfObserver */ = {isa = PBXFileReference; explicitFileType = "compiled.mach-o.executable"; includeInIndex = 0; path = SelfObserver; sourceTree = BUILT_PRODUCTS_DIR; };
		1597C30B1F52AFBC001AFBD2 /* main.m */ = {isa = PBXFileReference; lastKnownFileType = sourcecode.c.objc; path = main.m; sourceTree = "<group>"; };
		1597C3101F52AFCA001AFBD2 /* CustomButton.h */ = {isa = PBXFileReference; fileEncoding = 4; lastKnownFileType = sourcecode.c.h; path = CustomButton.h; sourceTree = "<group>"; };
		1597C3111F52AFCA001AFBD2 /* CustomButton.m */ = {isa = PBXFileReference; fileEncoding = 4; lastKnownFileType = sourcecode.c.objc; path = CustomButton.m; sourceTree = "<group>"; };
		1597C3131F52AFF7001AFBD2 /* Observer.h */ = {isa = PBXFileReference; lastKnownFileType = sourcecode.c.h; path = Observer.h; sourceTree = "<group>"; };
		15AE77591F4FC5890097852D /* Composite.h */ = {isa = PBXFileReference; lastKnownFileType = sourcecode.c.h; path = Composite.h; sourceTree = "<group>"; };
		15AE775A1F4FC9480097852D /* LogicElement.h */ = {isa = PBXFileReference; fileEncoding = 4; lastKnownFileType = sourcecode.c.h; path = LogicElement.h; sourceTree = "<group>"; };
		15AE775B1F4FC9480097852D /* LogicElement.m */ = {isa = PBXFileReference; fileEncoding = 4; lastKnownFileType = sourcecode.c.objc; path = LogicElement.m; sourceTree = "<group>"; };
		15AE77611F4FF43A0097852D /* Strategy_4 */ = {isa = PBXFileReference; explicitFileType = "compiled.mach-o.executable"; includeInIndex = 0; path = Strategy_4; sourceTree = BUILT_PRODUCTS_DIR; };
		15AE77631F4FF43A0097852D /* main.m */ = {isa = PBXFileReference; lastKnownFileType = sourcecode.c.objc; path = main.m; sourceTree = "<group>"; };
		15AE77681F4FF44B0097852D /* strategy.h */ = {isa = PBXFileReference; lastKnownFileType = sourcecode.c.h; path = strategy.h; sourceTree = "<group>"; };
		15E7E18B1F4E92D500243C5A /* TemplateMethod.h */ = {isa = PBXFileReference; lastKnownFileType = sourcecode.c.h; path = TemplateMethod.h; sourceTree = "<group>"; };
		15E7E18C1F4E935400243C5A /* TemplateSuper.h */ = {isa = PBXFileReference; fileEncoding = 4; lastKnownFileType = sourcecode.c.h; path = TemplateSuper.h; sourceTree = "<group>"; };
		15E7E18D1F4E935400243C5A /* TemplateSuper.m */ = {isa = PBXFileReference; fileEncoding = 4; lastKnownFileType = sourcecode.c.objc; path = TemplateSuper.m; sourceTree = "<group>"; };
		15E7E18F1F4E942B00243C5A /* TemplateSub.h */ = {isa = PBXFileReference; fileEncoding = 4; lastKnownFileType = sourcecode.c.h; path = TemplateSub.h; sourceTree = "<group>"; };
		15E7E1901F4E942B00243C5A /* TemplateSub.m */ = {isa = PBXFileReference; fileEncoding = 4; lastKnownFileType = sourcecode.c.objc; path = TemplateSub.m; sourceTree = "<group>"; };
		15F8C85E1F4ED17C00611A7D /* State */ = {isa = PBXFileReference; explicitFileType = "compiled.mach-o.executable"; includeInIndex = 0; path = State; sourceTree = BUILT_PRODUCTS_DIR; };
		15F8C8601F4ED17D00611A7D /* main.m */ = {isa = PBXFileReference; lastKnownFileType = sourcecode.c.objc; path = main.m; sourceTree = "<group>"; };
		15F8C8651F4ED18C00611A7D /* stateHeader.h */ = {isa = PBXFileReference; lastKnownFileType = sourcecode.c.h; path = stateHeader.h; sourceTree = "<group>"; };
/* End PBXFileReference section */

/* Begin PBXFrameworksBuildPhase section */
		152D890D1F5149C000EAA70C /* Frameworks */ = {
			isa = PBXFrameworksBuildPhase;
			buildActionMask = 2147483647;
			files = (
			);
			runOnlyForDeploymentPostprocessing = 0;
		};
		152D89221F516AD600EAA70C /* Frameworks */ = {
			isa = PBXFrameworksBuildPhase;
			buildActionMask = 2147483647;
			files = (
			);
			runOnlyForDeploymentPostprocessing = 0;
		};
		152D893D1F5191FD00EAA70C /* Frameworks */ = {
			isa = PBXFrameworksBuildPhase;
			buildActionMask = 2147483647;
			files = (
			);
			runOnlyForDeploymentPostprocessing = 0;
		};
		152D89551F5191FD00EAA70C /* Frameworks */ = {
			isa = PBXFrameworksBuildPhase;
			buildActionMask = 2147483647;
			files = (
			);
			runOnlyForDeploymentPostprocessing = 0;
		};
		1562D72E1F4E7C940083777F /* Frameworks */ = {
			isa = PBXFrameworksBuildPhase;
			buildActionMask = 2147483647;
			files = (
			);
			runOnlyForDeploymentPostprocessing = 0;
		};
		1562D73C1F4E7CC60083777F /* Frameworks */ = {
			isa = PBXFrameworksBuildPhase;
			buildActionMask = 2147483647;
			files = (
			);
			runOnlyForDeploymentPostprocessing = 0;
		};
		156950911F55C3CA00BBD145 /* Frameworks */ = {
			isa = PBXFrameworksBuildPhase;
			buildActionMask = 2147483647;
			files = (
			);
			runOnlyForDeploymentPostprocessing = 0;
		};
		1569509D1F55CB8E00BBD145 /* Frameworks */ = {
			isa = PBXFrameworksBuildPhase;
			buildActionMask = 2147483647;
			files = (
			);
			runOnlyForDeploymentPostprocessing = 0;
		};
		156C8B541F4F301700E8151D /* Frameworks */ = {
			isa = PBXFrameworksBuildPhase;
			buildActionMask = 2147483647;
			files = (
			);
			runOnlyForDeploymentPostprocessing = 0;
		};
		158CFA691F50458800615902 /* Frameworks */ = {
			isa = PBXFrameworksBuildPhase;
			buildActionMask = 2147483647;
			files = (
			);
			runOnlyForDeploymentPostprocessing = 0;
		};
		1597C3061F52AFBC001AFBD2 /* Frameworks */ = {
			isa = PBXFrameworksBuildPhase;
			buildActionMask = 2147483647;
			files = (
			);
			runOnlyForDeploymentPostprocessing = 0;
		};
		15AE775E1F4FF43A0097852D /* Frameworks */ = {
			isa = PBXFrameworksBuildPhase;
			buildActionMask = 2147483647;
			files = (
			);
			runOnlyForDeploymentPostprocessing = 0;
		};
		15F8C85B1F4ED17C00611A7D /* Frameworks */ = {
			isa = PBXFrameworksBuildPhase;
			buildActionMask = 2147483647;
			files = (
			);
			runOnlyForDeploymentPostprocessing = 0;
		};
/* End PBXFrameworksBuildPhase section */

/* Begin PBXGroup section */
		152D89111F5149C000EAA70C /* Iterator_6 */ = {
			isa = PBXGroup;
			children = (
				152D89201F515EA400EAA70C /* Iterator.h */,
				152D89121F5149C000EAA70C /* main.m */,
				152D89171F514A5800EAA70C /* Container.h */,
				152D891C1F51504D00EAA70C /* ArrayList.h */,
				152D891D1F51504D00EAA70C /* ArrayList.m */,
				152D89181F514B3400EAA70C /* LinkList.h */,
				152D89191F514B3400EAA70C /* LinkList.m */,
			);
			name = Iterator_6;
			path = Iterator;
			sourceTree = "<group>";
		};
		152D89261F516AD600EAA70C /* Chain_Responsibility_7 */ = {
			isa = PBXGroup;
			children = (
				152D89271F516AD600EAA70C /* main.m */,
				152D892C1F5179ED00EAA70C /* ChainOfResponsibility.h */,
			);
			name = Chain_Responsibility_7;
			path = Chain_Responsibility;
			sourceTree = "<group>";
		};
		152D89411F5191FD00EAA70C /* SeekUIKit */ = {
			isa = PBXGroup;
			children = (
				152D89451F5191FD00EAA70C /* AppDelegate.h */,
				152D89461F5191FD00EAA70C /* AppDelegate.m */,
				152D89481F5191FD00EAA70C /* ViewController.h */,
				152D89491F5191FD00EAA70C /* ViewController.m */,
				152D894B1F5191FD00EAA70C /* Main.storyboard */,
				152D894E1F5191FD00EAA70C /* Assets.xcassets */,
				152D89501F5191FD00EAA70C /* LaunchScreen.storyboard */,
				152D89531F5191FD00EAA70C /* Info.plist */,
				152D89421F5191FD00EAA70C /* Supporting Files */,
			);
			path = SeekUIKit;
			sourceTree = "<group>";
		};
		152D89421F5191FD00EAA70C /* Supporting Files */ = {
			isa = PBXGroup;
			children = (
				152D89431F5191FD00EAA70C /* main.m */,
			);
			name = "Supporting Files";
			sourceTree = "<group>";
		};
		1562D7281F4E7C940083777F = {
			isa = PBXGroup;
			children = (
				152D89411F5191FD00EAA70C /* SeekUIKit */,
				1562D7331F4E7C940083777F /* DesignMode */,
				1562D7401F4E7CC70083777F /* Template Method_1 */,
				15F8C85F1F4ED17C00611A7D /* State_2 */,
				156C8B581F4F301700E8151D /* Composite_3 */,
				15AE77621F4FF43A0097852D /* Strategy_4 */,
				158CFA6D1F50458800615902 /* Singleton_5 */,
				152D89111F5149C000EAA70C /* Iterator_6 */,
				152D89261F516AD600EAA70C /* Chain_Responsibility_7 */,
				1597C30A1F52AFBC001AFBD2 /* SelfObserver_8 */,
				156950951F55C3CA00BBD145 /* Adapter_9 */,
				156950A11F55CB8E00BBD145 /* Proxy_10 */,
				1562D7321F4E7C940083777F /* Products */,
			);
			sourceTree = "<group>";
		};
		1562D7321F4E7C940083777F /* Products */ = {
			isa = PBXGroup;
			children = (
				1562D7311F4E7C940083777F /* DesignMode */,
				1562D73F1F4E7CC60083777F /* Template Method */,
				15F8C85E1F4ED17C00611A7D /* State */,
				156C8B571F4F301700E8151D /* Composite */,
				15AE77611F4FF43A0097852D /* Strategy_4 */,
				158CFA6C1F50458800615902 /* Singleton */,
				152D89101F5149C000EAA70C /* Iterator */,
				152D89251F516AD600EAA70C /* Chain_Responsibility */,
				152D89401F5191FD00EAA70C /* SeekUIKit.app */,
				152D89581F5191FD00EAA70C /* SeekUIKitTests.xctest */,
				1597C3091F52AFBC001AFBD2 /* SelfObserver */,
				156950941F55C3CA00BBD145 /* Adapter */,
				156950A01F55CB8E00BBD145 /* Proxy */,
			);
			name = Products;
			sourceTree = "<group>";
		};
		1562D7331F4E7C940083777F /* DesignMode */ = {
			isa = PBXGroup;
			children = (
				1562D7341F4E7C940083777F /* main.m */,
			);
			path = DesignMode;
			sourceTree = "<group>";
		};
		1562D7401F4E7CC70083777F /* Template Method_1 */ = {
			isa = PBXGroup;
			children = (
				1562D7411F4E7CC70083777F /* main.m */,
				15E7E18C1F4E935400243C5A /* TemplateSuper.h */,
				15E7E18D1F4E935400243C5A /* TemplateSuper.m */,
				15E7E18F1F4E942B00243C5A /* TemplateSub.h */,
				15E7E1901F4E942B00243C5A /* TemplateSub.m */,
				15E7E18B1F4E92D500243C5A /* TemplateMethod.h */,
			);
			name = "Template Method_1";
			path = "Template Method";
			sourceTree = "<group>";
		};
		156950951F55C3CA00BBD145 /* Adapter_9 */ = {
			isa = PBXGroup;
			children = (
				156950961F55C3CA00BBD145 /* main.m */,
				1569509B1F55C3D900BBD145 /* adapater.h */,
			);
			name = Adapter_9;
			path = Adapter;
			sourceTree = "<group>";
		};
		156950A11F55CB8E00BBD145 /* Proxy_10 */ = {
			isa = PBXGroup;
			children = (
				156950A21F55CB8E00BBD145 /* main.m */,
				156950A71F55CB9B00BBD145 /* proxy.h */,
			);
			name = Proxy_10;
			path = Proxy;
			sourceTree = "<group>";
		};
		156C8B581F4F301700E8151D /* Composite_3 */ = {
			isa = PBXGroup;
			children = (
				156C8B591F4F301700E8151D /* main.m */,
				15AE775A1F4FC9480097852D /* LogicElement.h */,
				15AE775B1F4FC9480097852D /* LogicElement.m */,
				15AE77591F4FC5890097852D /* Composite.h */,
			);
			name = Composite_3;
			path = Composite;
			sourceTree = "<group>";
		};
		158CFA6D1F50458800615902 /* Singleton_5 */ = {
			isa = PBXGroup;
			children = (
				158CFA6E1F50458800615902 /* main.m */,
				158CFA731F50459B00615902 /* Singleton.h */,
			);
			name = Singleton_5;
			path = Singleton;
			sourceTree = "<group>";
		};
		1597C30A1F52AFBC001AFBD2 /* SelfObserver_8 */ = {
			isa = PBXGroup;
			children = (
				1597C3131F52AFF7001AFBD2 /* Observer.h */,
				1597C30B1F52AFBC001AFBD2 /* main.m */,
				1597C3101F52AFCA001AFBD2 /* CustomButton.h */,
				1597C3111F52AFCA001AFBD2 /* CustomButton.m */,
			);
			name = SelfObserver_8;
			path = SelfObserver;
			sourceTree = "<group>";
		};
		15AE77621F4FF43A0097852D /* Strategy_4 */ = {
			isa = PBXGroup;
			children = (
				15AE77631F4FF43A0097852D /* main.m */,
				15AE77681F4FF44B0097852D /* strategy.h */,
			);
			path = Strategy_4;
			sourceTree = "<group>";
		};
		15F8C85F1F4ED17C00611A7D /* State_2 */ = {
			isa = PBXGroup;
			children = (
				15F8C8601F4ED17D00611A7D /* main.m */,
				15F8C8651F4ED18C00611A7D /* stateHeader.h */,
			);
			name = State_2;
			path = State;
			sourceTree = "<group>";
		};
/* End PBXGroup section */

/* Begin PBXNativeTarget section */
		152D890F1F5149C000EAA70C /* Iterator */ = {
			isa = PBXNativeTarget;
			buildConfigurationList = 152D89161F5149C000EAA70C /* Build configuration list for PBXNativeTarget "Iterator" */;
			buildPhases = (
				152D890C1F5149C000EAA70C /* Sources */,
				152D890D1F5149C000EAA70C /* Frameworks */,
				152D890E1F5149C000EAA70C /* CopyFiles */,
			);
			buildRules = (
			);
			dependencies = (
			);
			name = Iterator;
			productName = Iterator;
			productReference = 152D89101F5149C000EAA70C /* Iterator */;
			productType = "com.apple.product-type.tool";
		};
		152D89241F516AD600EAA70C /* Chain_Responsibility */ = {
			isa = PBXNativeTarget;
			buildConfigurationList = 152D89291F516AD600EAA70C /* Build configuration list for PBXNativeTarget "Chain_Responsibility" */;
			buildPhases = (
				152D89211F516AD600EAA70C /* Sources */,
				152D89221F516AD600EAA70C /* Frameworks */,
				152D89231F516AD600EAA70C /* CopyFiles */,
			);
			buildRules = (
			);
			dependencies = (
			);
			name = Chain_Responsibility;
			productName = Chain_Responsibility;
			productReference = 152D89251F516AD600EAA70C /* Chain_Responsibility */;
			productType = "com.apple.product-type.tool";
		};
		152D893F1F5191FD00EAA70C /* SeekUIKit */ = {
			isa = PBXNativeTarget;
			buildConfigurationList = 152D895F1F5191FD00EAA70C /* Build configuration list for PBXNativeTarget "SeekUIKit" */;
			buildPhases = (
				152D893C1F5191FD00EAA70C /* Sources */,
				152D893D1F5191FD00EAA70C /* Frameworks */,
				152D893E1F5191FD00EAA70C /* Resources */,
			);
			buildRules = (
			);
			dependencies = (
			);
			name = SeekUIKit;
			productName = SeekUIKit;
			productReference = 152D89401F5191FD00EAA70C /* SeekUIKit.app */;
			productType = "com.apple.product-type.application";
		};
		152D89571F5191FD00EAA70C /* SeekUIKitTests */ = {
			isa = PBXNativeTarget;
			buildConfigurationList = 152D89621F5191FD00EAA70C /* Build configuration list for PBXNativeTarget "SeekUIKitTests" */;
			buildPhases = (
				152D89541F5191FD00EAA70C /* Sources */,
				152D89551F5191FD00EAA70C /* Frameworks */,
				152D89561F5191FD00EAA70C /* Resources */,
			);
			buildRules = (
			);
			dependencies = (
				152D895A1F5191FD00EAA70C /* PBXTargetDependency */,
			);
			name = SeekUIKitTests;
			productName = SeekUIKitTests;
			productReference = 152D89581F5191FD00EAA70C /* SeekUIKitTests.xctest */;
			productType = "com.apple.product-type.bundle.unit-test";
		};
		1562D7301F4E7C940083777F /* DesignMode */ = {
			isa = PBXNativeTarget;
			buildConfigurationList = 1562D7381F4E7C940083777F /* Build configuration list for PBXNativeTarget "DesignMode" */;
			buildPhases = (
				1562D72D1F4E7C940083777F /* Sources */,
				1562D72E1F4E7C940083777F /* Frameworks */,
				1562D72F1F4E7C940083777F /* CopyFiles */,
			);
			buildRules = (
			);
			dependencies = (
			);
			name = DesignMode;
			productName = DesignMode;
			productReference = 1562D7311F4E7C940083777F /* DesignMode */;
			productType = "com.apple.product-type.tool";
		};
		1562D73E1F4E7CC60083777F /* Template Method */ = {
			isa = PBXNativeTarget;
			buildConfigurationList = 1562D7431F4E7CC70083777F /* Build configuration list for PBXNativeTarget "Template Method" */;
			buildPhases = (
				1562D73B1F4E7CC60083777F /* Sources */,
				1562D73C1F4E7CC60083777F /* Frameworks */,
				1562D73D1F4E7CC60083777F /* CopyFiles */,
			);
			buildRules = (
			);
			dependencies = (
			);
			name = "Template Method";
			productName = "Template Method";
			productReference = 1562D73F1F4E7CC60083777F /* Template Method */;
			productType = "com.apple.product-type.tool";
		};
		156950931F55C3CA00BBD145 /* Adapter */ = {
			isa = PBXNativeTarget;
			buildConfigurationList = 1569509A1F55C3CA00BBD145 /* Build configuration list for PBXNativeTarget "Adapter" */;
			buildPhases = (
				156950901F55C3CA00BBD145 /* Sources */,
				156950911F55C3CA00BBD145 /* Frameworks */,
				156950921F55C3CA00BBD145 /* CopyFiles */,
			);
			buildRules = (
			);
			dependencies = (
			);
			name = Adapter;
			productName = Adapter;
			productReference = 156950941F55C3CA00BBD145 /* Adapter */;
			productType = "com.apple.product-type.tool";
		};
		1569509F1F55CB8E00BBD145 /* Proxy */ = {
			isa = PBXNativeTarget;
			buildConfigurationList = 156950A41F55CB8E00BBD145 /* Build configuration list for PBXNativeTarget "Proxy" */;
			buildPhases = (
				1569509C1F55CB8E00BBD145 /* Sources */,
				1569509D1F55CB8E00BBD145 /* Frameworks */,
				1569509E1F55CB8E00BBD145 /* CopyFiles */,
			);
			buildRules = (
			);
			dependencies = (
			);
			name = Proxy;
			productName = Proxy;
			productReference = 156950A01F55CB8E00BBD145 /* Proxy */;
			productType = "com.apple.product-type.tool";
		};
		156C8B561F4F301700E8151D /* Composite */ = {
			isa = PBXNativeTarget;
			buildConfigurationList = 156C8B5D1F4F301700E8151D /* Build configuration list for PBXNativeTarget "Composite" */;
			buildPhases = (
				156C8B531F4F301700E8151D /* Sources */,
				156C8B541F4F301700E8151D /* Frameworks */,
				156C8B551F4F301700E8151D /* CopyFiles */,
			);
			buildRules = (
			);
			dependencies = (
			);
			name = Composite;
			productName = Composite;
			productReference = 156C8B571F4F301700E8151D /* Composite */;
			productType = "com.apple.product-type.tool";
		};
		158CFA6B1F50458800615902 /* Singleton */ = {
			isa = PBXNativeTarget;
			buildConfigurationList = 158CFA701F50458800615902 /* Build configuration list for PBXNativeTarget "Singleton" */;
			buildPhases = (
				158CFA681F50458800615902 /* Sources */,
				158CFA691F50458800615902 /* Frameworks */,
				158CFA6A1F50458800615902 /* CopyFiles */,
			);
			buildRules = (
			);
			dependencies = (
			);
			name = Singleton;
			productName = Singleton;
			productReference = 158CFA6C1F50458800615902 /* Singleton */;
			productType = "com.apple.product-type.tool";
		};
		1597C3081F52AFBC001AFBD2 /* SelfObserver */ = {
			isa = PBXNativeTarget;
			buildConfigurationList = 1597C30D1F52AFBC001AFBD2 /* Build configuration list for PBXNativeTarget "SelfObserver" */;
			buildPhases = (
				1597C3051F52AFBC001AFBD2 /* Sources */,
				1597C3061F52AFBC001AFBD2 /* Frameworks */,
				1597C3071F52AFBC001AFBD2 /* CopyFiles */,
			);
			buildRules = (
			);
			dependencies = (
			);
			name = SelfObserver;
			productName = SelfObserver;
			productReference = 1597C3091F52AFBC001AFBD2 /* SelfObserver */;
			productType = "com.apple.product-type.tool";
		};
		15AE77601F4FF43A0097852D /* Strategy_4 */ = {
			isa = PBXNativeTarget;
			buildConfigurationList = 15AE77651F4FF43A0097852D /* Build configuration list for PBXNativeTarget "Strategy_4" */;
			buildPhases = (
				15AE775D1F4FF43A0097852D /* Sources */,
				15AE775E1F4FF43A0097852D /* Frameworks */,
				15AE775F1F4FF43A0097852D /* CopyFiles */,
			);
			buildRules = (
			);
			dependencies = (
			);
			name = Strategy_4;
			productName = Strategy_4;
			productReference = 15AE77611F4FF43A0097852D /* Strategy_4 */;
			productType = "com.apple.product-type.tool";
		};
		15F8C85D1F4ED17C00611A7D /* State */ = {
			isa = PBXNativeTarget;
			buildConfigurationList = 15F8C8641F4ED17D00611A7D /* Build configuration list for PBXNativeTarget "State" */;
			buildPhases = (
				15F8C85A1F4ED17C00611A7D /* Sources */,
				15F8C85B1F4ED17C00611A7D /* Frameworks */,
				15F8C85C1F4ED17C00611A7D /* CopyFiles */,
			);
			buildRules = (
			);
			dependencies = (
			);
			name = State;
			productName = State;
			productReference = 15F8C85E1F4ED17C00611A7D /* State */;
			productType = "com.apple.product-type.tool";
		};
/* End PBXNativeTarget section */

/* Begin PBXProject section */
		1562D7291F4E7C940083777F /* Project object */ = {
			isa = PBXProject;
			attributes = {
				LastUpgradeCheck = 0830;
				ORGANIZATIONNAME = jansti;
				TargetAttributes = {
					152D890F1F5149C000EAA70C = {
						CreatedOnToolsVersion = 8.3.3;
						DevelopmentTeam = TE2958KSXV;
						ProvisioningStyle = Automatic;
					};
					152D89241F516AD600EAA70C = {
						CreatedOnToolsVersion = 8.3.3;
						DevelopmentTeam = TE2958KSXV;
						ProvisioningStyle = Automatic;
					};
					152D893F1F5191FD00EAA70C = {
						CreatedOnToolsVersion = 8.3.3;
						DevelopmentTeam = TE2958KSXV;
						ProvisioningStyle = Automatic;
					};
					152D89571F5191FD00EAA70C = {
						CreatedOnToolsVersion = 8.3.3;
						DevelopmentTeam = TE2958KSXV;
						ProvisioningStyle = Automatic;
						TestTargetID = 152D893F1F5191FD00EAA70C;
					};
					1562D7301F4E7C940083777F = {
						CreatedOnToolsVersion = 8.3.3;
						DevelopmentTeam = TE2958KSXV;
						ProvisioningStyle = Automatic;
					};
					1562D73E1F4E7CC60083777F = {
						CreatedOnToolsVersion = 8.3.3;
						DevelopmentTeam = TE2958KSXV;
						ProvisioningStyle = Automatic;
					};
					156950931F55C3CA00BBD145 = {
						CreatedOnToolsVersion = 8.3.3;
						DevelopmentTeam = TE2958KSXV;
						ProvisioningStyle = Automatic;
					};
					1569509F1F55CB8E00BBD145 = {
						CreatedOnToolsVersion = 8.3.3;
						DevelopmentTeam = TE2958KSXV;
						ProvisioningStyle = Automatic;
					};
					156C8B561F4F301700E8151D = {
						CreatedOnToolsVersion = 8.3.3;
						DevelopmentTeam = TE2958KSXV;
						ProvisioningStyle = Automatic;
					};
					158CFA6B1F50458800615902 = {
						CreatedOnToolsVersion = 8.3.3;
						DevelopmentTeam = TE2958KSXV;
						ProvisioningStyle = Automatic;
					};
					1597C3081F52AFBC001AFBD2 = {
						CreatedOnToolsVersion = 8.3.3;
						DevelopmentTeam = TE2958KSXV;
						ProvisioningStyle = Automatic;
					};
					15AE77601F4FF43A0097852D = {
						CreatedOnToolsVersion = 8.3.3;
						DevelopmentTeam = TE2958KSXV;
						ProvisioningStyle = Automatic;
					};
					15F8C85D1F4ED17C00611A7D = {
						CreatedOnToolsVersion = 8.3.3;
						DevelopmentTeam = TE2958KSXV;
						ProvisioningStyle = Automatic;
					};
				};
			};
			buildConfigurationList = 1562D72C1F4E7C940083777F /* Build configuration list for PBXProject "DesignMode" */;
			compatibilityVersion = "Xcode 3.2";
			developmentRegion = English;
			hasScannedForEncodings = 0;
			knownRegions = (
				en,
				Base,
			);
			mainGroup = 1562D7281F4E7C940083777F;
			productRefGroup = 1562D7321F4E7C940083777F /* Products */;
			projectDirPath = "";
			projectRoot = "";
			targets = (
				1562D7301F4E7C940083777F /* DesignMode */,
				1562D73E1F4E7CC60083777F /* Template Method */,
				15F8C85D1F4ED17C00611A7D /* State */,
				156C8B561F4F301700E8151D /* Composite */,
				15AE77601F4FF43A0097852D /* Strategy_4 */,
				158CFA6B1F50458800615902 /* Singleton */,
				152D890F1F5149C000EAA70C /* Iterator */,
				152D89241F516AD600EAA70C /* Chain_Responsibility */,
				152D893F1F5191FD00EAA70C /* SeekUIKit */,
				152D89571F5191FD00EAA70C /* SeekUIKitTests */,
				1597C3081F52AFBC001AFBD2 /* SelfObserver */,
				156950931F55C3CA00BBD145 /* Adapter */,
				1569509F1F55CB8E00BBD145 /* Proxy */,
			);
		};
/* End PBXProject section */

/* Begin PBXResourcesBuildPhase section */
		152D893E1F5191FD00EAA70C /* Resources */ = {
			isa = PBXResourcesBuildPhase;
			buildActionMask = 2147483647;
			files = (
				152D89521F5191FD00EAA70C /* LaunchScreen.storyboard in Resources */,
				152D894F1F5191FD00EAA70C /* Assets.xcassets in Resources */,
				152D894D1F5191FD00EAA70C /* Main.storyboard in Resources */,
			);
			runOnlyForDeploymentPostprocessing = 0;
		};
		152D89561F5191FD00EAA70C /* Resources */ = {
			isa = PBXResourcesBuildPhase;
			buildActionMask = 2147483647;
			files = (
			);
			runOnlyForDeploymentPostprocessing = 0;
		};
/* End PBXResourcesBuildPhase section */

/* Begin PBXSourcesBuildPhase section */
		152D890C1F5149C000EAA70C /* Sources */ = {
			isa = PBXSourcesBuildPhase;
			buildActionMask = 2147483647;
			files = (
				152D891F1F51504D00EAA70C /* ArrayList.m in Sources */,
				152D89131F5149C000EAA70C /* main.m in Sources */,
				152D891B1F514B3400EAA70C /* LinkList.m in Sources */,
			);
			runOnlyForDeploymentPostprocessing = 0;
		};
		152D89211F516AD600EAA70C /* Sources */ = {
			isa = PBXSourcesBuildPhase;
			buildActionMask = 2147483647;
			files = (
				152D89281F516AD600EAA70C /* main.m in Sources */,
			);
			runOnlyForDeploymentPostprocessing = 0;
		};
		152D893C1F5191FD00EAA70C /* Sources */ = {
			isa = PBXSourcesBuildPhase;
			buildActionMask = 2147483647;
			files = (
				152D894A1F5191FD00EAA70C /* ViewController.m in Sources */,
				152D89471F5191FD00EAA70C /* AppDelegate.m in Sources */,
				152D89441F5191FD00EAA70C /* main.m in Sources */,
			);
			runOnlyForDeploymentPostprocessing = 0;
		};
		152D89541F5191FD00EAA70C /* Sources */ = {
			isa = PBXSourcesBuildPhase;
			buildActionMask = 2147483647;
			files = (
			);
			runOnlyForDeploymentPostprocessing = 0;
		};
		1562D72D1F4E7C940083777F /* Sources */ = {
			isa = PBXSourcesBuildPhase;
			buildActionMask = 2147483647;
			files = (
				152D891E1F51504D00EAA70C /* ArrayList.m in Sources */,
				1562D7351F4E7C940083777F /* main.m in Sources */,
				152D891A1F514B3400EAA70C /* LinkList.m in Sources */,
			);
			runOnlyForDeploymentPostprocessing = 0;
		};
		1562D73B1F4E7CC60083777F /* Sources */ = {
			isa = PBXSourcesBuildPhase;
			buildActionMask = 2147483647;
			files = (
				15E7E1911F4E942B00243C5A /* TemplateSub.m in Sources */,
				1562D7421F4E7CC70083777F /* main.m in Sources */,
				15E7E18E1F4E935400243C5A /* TemplateSuper.m in Sources */,
			);
			runOnlyForDeploymentPostprocessing = 0;
		};
		156950901F55C3CA00BBD145 /* Sources */ = {
			isa = PBXSourcesBuildPhase;
			buildActionMask = 2147483647;
			files = (
				156950971F55C3CA00BBD145 /* main.m in Sources */,
			);
			runOnlyForDeploymentPostprocessing = 0;
		};
		1569509C1F55CB8E00BBD145 /* Sources */ = {
			isa = PBXSourcesBuildPhase;
			buildActionMask = 2147483647;
			files = (
				156950A31F55CB8E00BBD145 /* main.m in Sources */,
			);
			runOnlyForDeploymentPostprocessing = 0;
		};
		156C8B531F4F301700E8151D /* Sources */ = {
			isa = PBXSourcesBuildPhase;
			buildActionMask = 2147483647;
			files = (
				156C8B5A1F4F301700E8151D /* main.m in Sources */,
				15AE775C1F4FC9480097852D /* LogicElement.m in Sources */,
			);
			runOnlyForDeploymentPostprocessing = 0;
		};
		158CFA681F50458800615902 /* Sources */ = {
			isa = PBXSourcesBuildPhase;
			buildActionMask = 2147483647;
			files = (
				158CFA6F1F50458800615902 /* main.m in Sources */,
			);
			runOnlyForDeploymentPostprocessing = 0;
		};
		1597C3051F52AFBC001AFBD2 /* Sources */ = {
			isa = PBXSourcesBuildPhase;
			buildActionMask = 2147483647;
			files = (
				1597C3121F52AFCA001AFBD2 /* CustomButton.m in Sources */,
				1597C30C1F52AFBC001AFBD2 /* main.m in Sources */,
			);
			runOnlyForDeploymentPostprocessing = 0;
		};
		15AE775D1F4FF43A0097852D /* Sources */ = {
			isa = PBXSourcesBuildPhase;
			buildActionMask = 2147483647;
			files = (
				15AE77641F4FF43A0097852D /* main.m in Sources */,
			);
			runOnlyForDeploymentPostprocessing = 0;
		};
		15F8C85A1F4ED17C00611A7D /* Sources */ = {
			isa = PBXSourcesBuildPhase;
			buildActionMask = 2147483647;
			files = (
				15F8C8611F4ED17D00611A7D /* main.m in Sources */,
			);
			runOnlyForDeploymentPostprocessing = 0;
		};
/* End PBXSourcesBuildPhase section */

/* Begin PBXTargetDependency section */
		152D895A1F5191FD00EAA70C /* PBXTargetDependency */ = {
			isa = PBXTargetDependency;
			target = 152D893F1F5191FD00EAA70C /* SeekUIKit */;
			targetProxy = 152D89591F5191FD00EAA70C /* PBXContainerItemProxy */;
		};
/* End PBXTargetDependency section */

/* Begin PBXVariantGroup section */
		152D894B1F5191FD00EAA70C /* Main.storyboard */ = {
			isa = PBXVariantGroup;
			children = (
				152D894C1F5191FD00EAA70C /* Base */,
			);
			name = Main.storyboard;
			sourceTree = "<group>";
		};
		152D89501F5191FD00EAA70C /* LaunchScreen.storyboard */ = {
			isa = PBXVariantGroup;
			children = (
				152D89511F5191FD00EAA70C /* Base */,
			);
			name = LaunchScreen.storyboard;
			sourceTree = "<group>";
		};
/* End PBXVariantGroup section */

/* Begin XCBuildConfiguration section */
		152D89141F5149C000EAA70C /* Debug */ = {
			isa = XCBuildConfiguration;
			buildSettings = {
				DEVELOPMENT_TEAM = TE2958KSXV;
				PRODUCT_NAME = "$(TARGET_NAME)";
			};
			name = Debug;
		};
		152D89151F5149C000EAA70C /* Release */ = {
			isa = XCBuildConfiguration;
			buildSettings = {
				DEVELOPMENT_TEAM = TE2958KSXV;
				PRODUCT_NAME = "$(TARGET_NAME)";
			};
			name = Release;
		};
		152D892A1F516AD600EAA70C /* Debug */ = {
			isa = XCBuildConfiguration;
			buildSettings = {
				DEVELOPMENT_TEAM = TE2958KSXV;
				PRODUCT_NAME = "$(TARGET_NAME)";
			};
			name = Debug;
		};
		152D892B1F516AD600EAA70C /* Release */ = {
			isa = XCBuildConfiguration;
			buildSettings = {
				DEVELOPMENT_TEAM = TE2958KSXV;
				PRODUCT_NAME = "$(TARGET_NAME)";
			};
			name = Release;
		};
		152D89601F5191FD00EAA70C /* Debug */ = {
			isa = XCBuildConfiguration;
			buildSettings = {
				ASSETCATALOG_COMPILER_APPICON_NAME = AppIcon;
				"CODE_SIGN_IDENTITY[sdk=iphoneos*]" = "iPhone Developer";
				DEVELOPMENT_TEAM = TE2958KSXV;
				INFOPLIST_FILE = SeekUIKit/Info.plist;
				IPHONEOS_DEPLOYMENT_TARGET = 10.3;
				LD_RUNPATH_SEARCH_PATHS = "$(inherited) @executable_path/Frameworks";
				PRODUCT_BUNDLE_IDENTIFIER = jansti.redstar.com.SeekUIKit;
				PRODUCT_NAME = "$(TARGET_NAME)";
				SDKROOT = iphoneos;
				TARGETED_DEVICE_FAMILY = "1,2";
			};
			name = Debug;
		};
		152D89611F5191FD00EAA70C /* Release */ = {
			isa = XCBuildConfiguration;
			buildSettings = {
				ASSETCATALOG_COMPILER_APPICON_NAME = AppIcon;
				"CODE_SIGN_IDENTITY[sdk=iphoneos*]" = "iPhone Developer";
				DEVELOPMENT_TEAM = TE2958KSXV;
				INFOPLIST_FILE = SeekUIKit/Info.plist;
				IPHONEOS_DEPLOYMENT_TARGET = 10.3;
				LD_RUNPATH_SEARCH_PATHS = "$(inherited) @executable_path/Frameworks";
				PRODUCT_BUNDLE_IDENTIFIER = jansti.redstar.com.SeekUIKit;
				PRODUCT_NAME = "$(TARGET_NAME)";
				SDKROOT = iphoneos;
				TARGETED_DEVICE_FAMILY = "1,2";
				VALIDATE_PRODUCT = YES;
			};
			name = Release;
		};
		152D89631F5191FD00EAA70C /* Debug */ = {
			isa = XCBuildConfiguration;
			buildSettings = {
				BUNDLE_LOADER = "$(TEST_HOST)";
				"CODE_SIGN_IDENTITY[sdk=iphoneos*]" = "iPhone Developer";
				DEVELOPMENT_TEAM = TE2958KSXV;
				INFOPLIST_FILE = SeekUIKitTests/Info.plist;
				IPHONEOS_DEPLOYMENT_TARGET = 10.3;
				LD_RUNPATH_SEARCH_PATHS = "$(inherited) @executable_path/Frameworks @loader_path/Frameworks";
				PRODUCT_BUNDLE_IDENTIFIER = jansti.redstar.com.SeekUIKitTests;
				PRODUCT_NAME = "$(TARGET_NAME)";
				SDKROOT = iphoneos;
				TEST_HOST = "$(BUILT_PRODUCTS_DIR)/SeekUIKit.app/SeekUIKit";
			};
			name = Debug;
		};
		152D89641F5191FD00EAA70C /* Release */ = {
			isa = XCBuildConfiguration;
			buildSettings = {
				BUNDLE_LOADER = "$(TEST_HOST)";
				"CODE_SIGN_IDENTITY[sdk=iphoneos*]" = "iPhone Developer";
				DEVELOPMENT_TEAM = TE2958KSXV;
				INFOPLIST_FILE = SeekUIKitTests/Info.plist;
				IPHONEOS_DEPLOYMENT_TARGET = 10.3;
				LD_RUNPATH_SEARCH_PATHS = "$(inherited) @executable_path/Frameworks @loader_path/Frameworks";
				PRODUCT_BUNDLE_IDENTIFIER = jansti.redstar.com.SeekUIKitTests;
				PRODUCT_NAME = "$(TARGET_NAME)";
				SDKROOT = iphoneos;
				TEST_HOST = "$(BUILT_PRODUCTS_DIR)/SeekUIKit.app/SeekUIKit";
				VALIDATE_PRODUCT = YES;
			};
			name = Release;
		};
		1562D7361F4E7C940083777F /* Debug */ = {
			isa = XCBuildConfiguration;
			buildSettings = {
				ALWAYS_SEARCH_USER_PATHS = NO;
				CLANG_ANALYZER_NONNULL = YES;
				CLANG_ANALYZER_NUMBER_OBJECT_CONVERSION = YES_AGGRESSIVE;
				CLANG_CXX_LANGUAGE_STANDARD = "gnu++0x";
				CLANG_CXX_LIBRARY = "libc++";
				CLANG_ENABLE_MODULES = YES;
				CLANG_ENABLE_OBJC_ARC = YES;
				CLANG_WARN_BOOL_CONVERSION = YES;
				CLANG_WARN_CONSTANT_CONVERSION = YES;
				CLANG_WARN_DIRECT_OBJC_ISA_USAGE = YES_ERROR;
				CLANG_WARN_DOCUMENTATION_COMMENTS = YES;
				CLANG_WARN_EMPTY_BODY = YES;
				CLANG_WARN_ENUM_CONVERSION = YES;
				CLANG_WARN_INFINITE_RECURSION = YES;
				CLANG_WARN_INT_CONVERSION = YES;
				CLANG_WARN_OBJC_ROOT_CLASS = YES_ERROR;
				CLANG_WARN_SUSPICIOUS_MOVE = YES;
				CLANG_WARN_UNREACHABLE_CODE = YES;
				CLANG_WARN__DUPLICATE_METHOD_MATCH = YES;
				CODE_SIGN_IDENTITY = "-";
				COPY_PHASE_STRIP = NO;
				DEBUG_INFORMATION_FORMAT = dwarf;
				ENABLE_STRICT_OBJC_MSGSEND = YES;
				ENABLE_TESTABILITY = YES;
				GCC_C_LANGUAGE_STANDARD = gnu99;
				GCC_DYNAMIC_NO_PIC = NO;
				GCC_NO_COMMON_BLOCKS = YES;
				GCC_OPTIMIZATION_LEVEL = 0;
				GCC_PREPROCESSOR_DEFINITIONS = (
					"DEBUG=1",
					"$(inherited)",
				);
				GCC_WARN_64_TO_32_BIT_CONVERSION = YES;
				GCC_WARN_ABOUT_RETURN_TYPE = YES_ERROR;
				GCC_WARN_UNDECLARED_SELECTOR = YES;
				GCC_WARN_UNINITIALIZED_AUTOS = YES_AGGRESSIVE;
				GCC_WARN_UNUSED_FUNCTION = YES;
				GCC_WARN_UNUSED_VARIABLE = YES;
				MACOSX_DEPLOYMENT_TARGET = 10.12;
				MTL_ENABLE_DEBUG_INFO = YES;
				ONLY_ACTIVE_ARCH = YES;
				SDKROOT = macosx;
			};
			name = Debug;
		};
		1562D7371F4E7C940083777F /* Release */ = {
			isa = XCBuildConfiguration;
			buildSettings = {
				ALWAYS_SEARCH_USER_PATHS = NO;
				CLANG_ANALYZER_NONNULL = YES;
				CLANG_ANALYZER_NUMBER_OBJECT_CONVERSION = YES_AGGRESSIVE;
				CLANG_CXX_LANGUAGE_STANDARD = "gnu++0x";
				CLANG_CXX_LIBRARY = "libc++";
				CLANG_ENABLE_MODULES = YES;
				CLANG_ENABLE_OBJC_ARC = YES;
				CLANG_WARN_BOOL_CONVERSION = YES;
				CLANG_WARN_CONSTANT_CONVERSION = YES;
				CLANG_WARN_DIRECT_OBJC_ISA_USAGE = YES_ERROR;
				CLANG_WARN_DOCUMENTATION_COMMENTS = YES;
				CLANG_WARN_EMPTY_BODY = YES;
				CLANG_WARN_ENUM_CONVERSION = YES;
				CLANG_WARN_INFINITE_RECURSION = YES;
				CLANG_WARN_INT_CONVERSION = YES;
				CLANG_WARN_OBJC_ROOT_CLASS = YES_ERROR;
				CLANG_WARN_SUSPICIOUS_MOVE = YES;
				CLANG_WARN_UNREACHABLE_CODE = YES;
				CLANG_WARN__DUPLICATE_METHOD_MATCH = YES;
				CODE_SIGN_IDENTITY = "-";
				COPY_PHASE_STRIP = NO;
				DEBUG_INFORMATION_FORMAT = "dwarf-with-dsym";
				ENABLE_NS_ASSERTIONS = NO;
				ENABLE_STRICT_OBJC_MSGSEND = YES;
				GCC_C_LANGUAGE_STANDARD = gnu99;
				GCC_NO_COMMON_BLOCKS = YES;
				GCC_WARN_64_TO_32_BIT_CONVERSION = YES;
				GCC_WARN_ABOUT_RETURN_TYPE = YES_ERROR;
				GCC_WARN_UNDECLARED_SELECTOR = YES;
				GCC_WARN_UNINITIALIZED_AUTOS = YES_AGGRESSIVE;
				GCC_WARN_UNUSED_FUNCTION = YES;
				GCC_WARN_UNUSED_VARIABLE = YES;
				MACOSX_DEPLOYMENT_TARGET = 10.12;
				MTL_ENABLE_DEBUG_INFO = NO;
				SDKROOT = macosx;
			};
			name = Release;
		};
		1562D7391F4E7C940083777F /* Debug */ = {
			isa = XCBuildConfiguration;
			buildSettings = {
				DEVELOPMENT_TEAM = TE2958KSXV;
				PRODUCT_NAME = "$(TARGET_NAME)";
			};
			name = Debug;
		};
		1562D73A1F4E7C940083777F /* Release */ = {
			isa = XCBuildConfiguration;
			buildSettings = {
				DEVELOPMENT_TEAM = TE2958KSXV;
				PRODUCT_NAME = "$(TARGET_NAME)";
			};
			name = Release;
		};
		1562D7441F4E7CC70083777F /* Debug */ = {
			isa = XCBuildConfiguration;
			buildSettings = {
				DEVELOPMENT_TEAM = TE2958KSXV;
				PRODUCT_NAME = "$(TARGET_NAME)";
			};
			name = Debug;
		};
		1562D7451F4E7CC70083777F /* Release */ = {
			isa = XCBuildConfiguration;
			buildSettings = {
				DEVELOPMENT_TEAM = TE2958KSXV;
				PRODUCT_NAME = "$(TARGET_NAME)";
			};
			name = Release;
		};
		156950981F55C3CA00BBD145 /* Debug */ = {
			isa = XCBuildConfiguration;
			buildSettings = {
				DEVELOPMENT_TEAM = TE2958KSXV;
				PRODUCT_NAME = "$(TARGET_NAME)";
			};
			name = Debug;
		};
		156950991F55C3CA00BBD145 /* Release */ = {
			isa = XCBuildConfiguration;
			buildSettings = {
				DEVELOPMENT_TEAM = TE2958KSXV;
				PRODUCT_NAME = "$(TARGET_NAME)";
			};
			name = Release;
		};
		156950A51F55CB8E00BBD145 /* Debug */ = {
			isa = XCBuildConfiguration;
			buildSettings = {
				DEVELOPMENT_TEAM = TE2958KSXV;
				PRODUCT_NAME = "$(TARGET_NAME)";
			};
			name = Debug;
		};
		156950A61F55CB8E00BBD145 /* Release */ = {
			isa = XCBuildConfiguration;
			buildSettings = {
				DEVELOPMENT_TEAM = TE2958KSXV;
				PRODUCT_NAME = "$(TARGET_NAME)";
			};
			name = Release;
		};
		156C8B5B1F4F301700E8151D /* Debug */ = {
			isa = XCBuildConfiguration;
			buildSettings = {
				DEVELOPMENT_TEAM = TE2958KSXV;
				PRODUCT_NAME = "$(TARGET_NAME)";
			};
			name = Debug;
		};
		156C8B5C1F4F301700E8151D /* Release */ = {
			isa = XCBuildConfiguration;
			buildSettings = {
				DEVELOPMENT_TEAM = TE2958KSXV;
				PRODUCT_NAME = "$(TARGET_NAME)";
			};
			name = Release;
		};
		158CFA711F50458800615902 /* Debug */ = {
			isa = XCBuildConfiguration;
			buildSettings = {
				DEVELOPMENT_TEAM = TE2958KSXV;
				PRODUCT_NAME = "$(TARGET_NAME)";
			};
			name = Debug;
		};
		158CFA721F50458800615902 /* Release */ = {
			isa = XCBuildConfiguration;
			buildSettings = {
				DEVELOPMENT_TEAM = TE2958KSXV;
				PRODUCT_NAME = "$(TARGET_NAME)";
			};
			name = Release;
		};
		1597C30E1F52AFBC001AFBD2 /* Debug */ = {
			isa = XCBuildConfiguration;
			buildSettings = {
				DEVELOPMENT_TEAM = TE2958KSXV;
				PRODUCT_NAME = "$(TARGET_NAME)";
			};
			name = Debug;
		};
		1597C30F1F52AFBC001AFBD2 /* Release */ = {
			isa = XCBuildConfiguration;
			buildSettings = {
				DEVELOPMENT_TEAM = TE2958KSXV;
				PRODUCT_NAME = "$(TARGET_NAME)";
			};
			name = Release;
		};
		15AE77661F4FF43A0097852D /* Debug */ = {
			isa = XCBuildConfiguration;
			buildSettings = {
				DEVELOPMENT_TEAM = TE2958KSXV;
				PRODUCT_NAME = "$(TARGET_NAME)";
			};
			name = Debug;
		};
		15AE77671F4FF43A0097852D /* Release */ = {
			isa = XCBuildConfiguration;
			buildSettings = {
				DEVELOPMENT_TEAM = TE2958KSXV;
				PRODUCT_NAME = "$(TARGET_NAME)";
			};
			name = Release;
		};
		15F8C8621F4ED17D00611A7D /* Debug */ = {
			isa = XCBuildConfiguration;
			buildSettings = {
				DEVELOPMENT_TEAM = TE2958KSXV;
				PRODUCT_NAME = "$(TARGET_NAME)";
			};
			name = Debug;
		};
		15F8C8631F4ED17D00611A7D /* Release */ = {
			isa = XCBuildConfiguration;
			buildSettings = {
				DEVELOPMENT_TEAM = TE2958KSXV;
				PRODUCT_NAME = "$(TARGET_NAME)";
			};
			name = Release;
		};
/* End XCBuildConfiguration section */

/* Begin XCConfigurationList section */
		152D89161F5149C000EAA70C /* Build configuration list for PBXNativeTarget "Iterator" */ = {
			isa = XCConfigurationList;
			buildConfigurations = (
				152D89141F5149C000EAA70C /* Debug */,
				152D89151F5149C000EAA70C /* Release */,
			);
			defaultConfigurationIsVisible = 0;
			defaultConfigurationName = Release;
		};
		152D89291F516AD600EAA70C /* Build configuration list for PBXNativeTarget "Chain_Responsibility" */ = {
			isa = XCConfigurationList;
			buildConfigurations = (
				152D892A1F516AD600EAA70C /* Debug */,
				152D892B1F516AD600EAA70C /* Release */,
			);
			defaultConfigurationIsVisible = 0;
			defaultConfigurationName = Release;
		};
		152D895F1F5191FD00EAA70C /* Build configuration list for PBXNativeTarget "SeekUIKit" */ = {
			isa = XCConfigurationList;
			buildConfigurations = (
				152D89601F5191FD00EAA70C /* Debug */,
				152D89611F5191FD00EAA70C /* Release */,
			);
			defaultConfigurationIsVisible = 0;
			defaultConfigurationName = Release;
		};
		152D89621F5191FD00EAA70C /* Build configuration list for PBXNativeTarget "SeekUIKitTests" */ = {
			isa = XCConfigurationList;
			buildConfigurations = (
				152D89631F5191FD00EAA70C /* Debug */,
				152D89641F5191FD00EAA70C /* Release */,
			);
			defaultConfigurationIsVisible = 0;
			defaultConfigurationName = Release;
		};
		1562D72C1F4E7C940083777F /* Build configuration list for PBXProject "DesignMode" */ = {
			isa = XCConfigurationList;
			buildConfigurations = (
				1562D7361F4E7C940083777F /* Debug */,
				1562D7371F4E7C940083777F /* Release */,
			);
			defaultConfigurationIsVisible = 0;
			defaultConfigurationName = Release;
		};
		1562D7381F4E7C940083777F /* Build configuration list for PBXNativeTarget "DesignMode" */ = {
			isa = XCConfigurationList;
			buildConfigurations = (
				1562D7391F4E7C940083777F /* Debug */,
				1562D73A1F4E7C940083777F /* Release */,
			);
			defaultConfigurationIsVisible = 0;
			defaultConfigurationName = Release;
		};
		1562D7431F4E7CC70083777F /* Build configuration list for PBXNativeTarget "Template Method" */ = {
			isa = XCConfigurationList;
			buildConfigurations = (
				1562D7441F4E7CC70083777F /* Debug */,
				1562D7451F4E7CC70083777F /* Release */,
			);
			defaultConfigurationIsVisible = 0;
			defaultConfigurationName = Release;
		};
		1569509A1F55C3CA00BBD145 /* Build configuration list for PBXNativeTarget "Adapter" */ = {
			isa = XCConfigurationList;
			buildConfigurations = (
				156950981F55C3CA00BBD145 /* Debug */,
				156950991F55C3CA00BBD145 /* Release */,
			);
			defaultConfigurationIsVisible = 0;
		};
		156950A41F55CB8E00BBD145 /* Build configuration list for PBXNativeTarget "Proxy" */ = {
			isa = XCConfigurationList;
			buildConfigurations = (
				156950A51F55CB8E00BBD145 /* Debug */,
				156950A61F55CB8E00BBD145 /* Release */,
			);
			defaultConfigurationIsVisible = 0;
		};
		156C8B5D1F4F301700E8151D /* Build configuration list for PBXNativeTarget "Composite" */ = {
			isa = XCConfigurationList;
			buildConfigurations = (
				156C8B5B1F4F301700E8151D /* Debug */,
				156C8B5C1F4F301700E8151D /* Release */,
			);
			defaultConfigurationIsVisible = 0;
			defaultConfigurationName = Release;
		};
		158CFA701F50458800615902 /* Build configuration list for PBXNativeTarget "Singleton" */ = {
			isa = XCConfigurationList;
			buildConfigurations = (
				158CFA711F50458800615902 /* Debug */,
				158CFA721F50458800615902 /* Release */,
			);
			defaultConfigurationIsVisible = 0;
			defaultConfigurationName = Release;
		};
		1597C30D1F52AFBC001AFBD2 /* Build configuration list for PBXNativeTarget "SelfObserver" */ = {
			isa = XCConfigurationList;
			buildConfigurations = (
				1597C30E1F52AFBC001AFBD2 /* Debug */,
				1597C30F1F52AFBC001AFBD2 /* Release */,
			);
			defaultConfigurationIsVisible = 0;
			defaultConfigurationName = Release;
		};
		15AE77651F4FF43A0097852D /* Build configuration list for PBXNativeTarget "Strategy_4" */ = {
			isa = XCConfigurationList;
			buildConfigurations = (
				15AE77661F4FF43A0097852D /* Debug */,
				15AE77671F4FF43A0097852D /* Release */,
			);
			defaultConfigurationIsVisible = 0;
			defaultConfigurationName = Release;
		};
		15F8C8641F4ED17D00611A7D /* Build configuration list for PBXNativeTarget "State" */ = {
			isa = XCConfigurationList;
			buildConfigurations = (
				15F8C8621F4ED17D00611A7D /* Debug */,
				15F8C8631F4ED17D00611A7D /* Release */,
			);
			defaultConfigurationIsVisible = 0;
			defaultConfigurationName = Release;
		};
/* End XCConfigurationList section */
	};
	rootObject = 1562D7291F4E7C940083777F /* Project object */;
}
